// !$*UTF8*$!
{
	archiveVersion = 1;
	classes = {
	};
	objectVersion = 46;
	objects = {

/* Begin PBXBuildFile section */
		4C95D0C11E1A33D100AFDDBA /* PlayerTableViewCell.swift in Sources */ = {isa = PBXBuildFile; fileRef = 4C95D0C01E1A33D100AFDDBA /* PlayerTableViewCell.swift */; };
		4C95D0C31E1C502B00AFDDBA /* CheckBoxButton.swift in Sources */ = {isa = PBXBuildFile; fileRef = 4C95D0C21E1C502B00AFDDBA /* CheckBoxButton.swift */; };
		4C95D0C51E1C54CC00AFDDBA /* GlobalVars.swift in Sources */ = {isa = PBXBuildFile; fileRef = 4C95D0C41E1C54CC00AFDDBA /* GlobalVars.swift */; };
		4C95D0C71E1F037C00AFDDBA /* MenuTableViewController.swift in Sources */ = {isa = PBXBuildFile; fileRef = 4C95D0C61E1F037C00AFDDBA /* MenuTableViewController.swift */; };
		4CEA5F531E17505600777D10 /* AppDelegate.swift in Sources */ = {isa = PBXBuildFile; fileRef = 4CEA5F521E17505600777D10 /* AppDelegate.swift */; };
		4CEA5F561E17505600777D10 /* League_Tools.xcdatamodeld in Sources */ = {isa = PBXBuildFile; fileRef = 4CEA5F541E17505600777D10 /* League_Tools.xcdatamodeld */; };
		4CEA5F581E17505600777D10 /* MasterViewController.swift in Sources */ = {isa = PBXBuildFile; fileRef = 4CEA5F571E17505600777D10 /* MasterViewController.swift */; };
		4CEA5F5A1E17505600777D10 /* DetailViewController.swift in Sources */ = {isa = PBXBuildFile; fileRef = 4CEA5F591E17505600777D10 /* DetailViewController.swift */; };
		4CEA5F5D1E17505600777D10 /* Main.storyboard in Resources */ = {isa = PBXBuildFile; fileRef = 4CEA5F5B1E17505600777D10 /* Main.storyboard */; };
		4CEA5F5F1E17505600777D10 /* Assets.xcassets in Resources */ = {isa = PBXBuildFile; fileRef = 4CEA5F5E1E17505600777D10 /* Assets.xcassets */; };
		4CEA5F621E17505600777D10 /* LaunchScreen.storyboard in Resources */ = {isa = PBXBuildFile; fileRef = 4CEA5F601E17505600777D10 /* LaunchScreen.storyboard */; };
/* End PBXBuildFile section */

/* Begin PBXFileReference section */
		4C95D0C01E1A33D100AFDDBA /* PlayerTableViewCell.swift */ = {isa = PBXFileReference; fileEncoding = 4; lastKnownFileType = sourcecode.swift; path = PlayerTableViewCell.swift; sourceTree = "<group>"; };
		4C95D0C21E1C502B00AFDDBA /* CheckBoxButton.swift */ = {isa = PBXFileReference; fileEncoding = 4; lastKnownFileType = sourcecode.swift; path = CheckBoxButton.swift; sourceTree = "<group>"; };
		4C95D0C41E1C54CC00AFDDBA /* GlobalVars.swift */ = {isa = PBXFileReference; fileEncoding = 4; lastKnownFileType = sourcecode.swift; path = GlobalVars.swift; sourceTree = "<group>"; };
		4C95D0C61E1F037C00AFDDBA /* MenuTableViewController.swift */ = {isa = PBXFileReference; fileEncoding = 4; lastKnownFileType = sourcecode.swift; path = MenuTableViewController.swift; sourceTree = "<group>"; };
		4CEA5F4F1E17505600777D10 /* League Tools.app */ = {isa = PBXFileReference; explicitFileType = wrapper.application; includeInIndex = 0; path = "League Tools.app"; sourceTree = BUILT_PRODUCTS_DIR; };
		4CEA5F521E17505600777D10 /* AppDelegate.swift */ = {isa = PBXFileReference; lastKnownFileType = sourcecode.swift; path = AppDelegate.swift; sourceTree = "<group>"; };
		4CEA5F551E17505600777D10 /* League_Tools.xcdatamodel */ = {isa = PBXFileReference; lastKnownFileType = wrapper.xcdatamodel; path = League_Tools.xcdatamodel; sourceTree = "<group>"; };
		4CEA5F571E17505600777D10 /* MasterViewController.swift */ = {isa = PBXFileReference; lastKnownFileType = sourcecode.swift; path = MasterViewController.swift; sourceTree = "<group>"; };
		4CEA5F591E17505600777D10 /* DetailViewController.swift */ = {isa = PBXFileReference; lastKnownFileType = sourcecode.swift; path = DetailViewController.swift; sourceTree = "<group>"; };
		4CEA5F5C1E17505600777D10 /* Base */ = {isa = PBXFileReference; lastKnownFileType = file.storyboard; name = Base; path = Base.lproj/Main.storyboard; sourceTree = "<group>"; };
		4CEA5F5E1E17505600777D10 /* Assets.xcassets */ = {isa = PBXFileReference; lastKnownFileType = folder.assetcatalog; path = Assets.xcassets; sourceTree = "<group>"; };
		4CEA5F611E17505600777D10 /* Base */ = {isa = PBXFileReference; lastKnownFileType = file.storyboard; name = Base; path = Base.lproj/LaunchScreen.storyboard; sourceTree = "<group>"; };
		4CEA5F631E17505600777D10 /* Info.plist */ = {isa = PBXFileReference; lastKnownFileType = text.plist.xml; path = Info.plist; sourceTree = "<group>"; };
/* End PBXFileReference section */

/* Begin PBXFrameworksBuildPhase section */
		4CEA5F4C1E17505600777D10 /* Frameworks */ = {
			isa = PBXFrameworksBuildPhase;
			buildActionMask = 2147483647;
			files = (
			);
			runOnlyForDeploymentPostprocessing = 0;
		};
/* End PBXFrameworksBuildPhase section */

/* Begin PBXGroup section */
		4CEA5F461E17505600777D10 = {
			isa = PBXGroup;
			children = (
				4CEA5F511E17505600777D10 /* League Tools */,
				4CEA5F501E17505600777D10 /* Products */,
			);
			sourceTree = "<group>";
		};
		4CEA5F501E17505600777D10 /* Products */ = {
			isa = PBXGroup;
			children = (
				4CEA5F4F1E17505600777D10 /* League Tools.app */,
			);
			name = Products;
			sourceTree = "<group>";
		};
		4CEA5F511E17505600777D10 /* League Tools */ = {
			isa = PBXGroup;
			children = (
				4CEA5F6C1E18263A00777D10 /* App Global */,
				4CEA5F6B1E18262A00777D10 /* Controller */,
				4CEA5F6E1E18267300777D10 /* View */,
				4CEA5F6D1E18266100777D10 /* Model */,
			);
			path = "League Tools";
			sourceTree = "<group>";
		};
		4CEA5F6B1E18262A00777D10 /* Controller */ = {
			isa = PBXGroup;
			children = (
				4CEA5F571E17505600777D10 /* MasterViewController.swift */,
				4CEA5F591E17505600777D10 /* DetailViewController.swift */,
				4C95D0C61E1F037C00AFDDBA /* MenuTableViewController.swift */,
			);
			name = Controller;
			sourceTree = "<group>";
		};
		4CEA5F6C1E18263A00777D10 /* App Global */ = {
			isa = PBXGroup;
			children = (
				4CEA5F521E17505600777D10 /* AppDelegate.swift */,
				4CEA5F631E17505600777D10 /* Info.plist */,
				4C95D0C41E1C54CC00AFDDBA /* GlobalVars.swift */,
			);
			name = "App Global";
			sourceTree = "<group>";
		};
		4CEA5F6D1E18266100777D10 /* Model */ = {
			isa = PBXGroup;
			children = (
				4CEA5F541E17505600777D10 /* League_Tools.xcdatamodeld */,
				4C95D0C01E1A33D100AFDDBA /* PlayerTableViewCell.swift */,
				4C95D0C21E1C502B00AFDDBA /* CheckBoxButton.swift */,
			);
			name = Model;
			sourceTree = "<group>";
		};
		4CEA5F6E1E18267300777D10 /* View */ = {
			isa = PBXGroup;
			children = (
				4CEA5F5E1E17505600777D10 /* Assets.xcassets */,
				4CEA5F601E17505600777D10 /* LaunchScreen.storyboard */,
				4CEA5F5B1E17505600777D10 /* Main.storyboard */,
			);
			name = View;
			sourceTree = "<group>";
		};
/* End PBXGroup section */

/* Begin PBXNativeTarget section */
		4CEA5F4E1E17505600777D10 /* League Tools */ = {
			isa = PBXNativeTarget;
			buildConfigurationList = 4CEA5F661E17505600777D10 /* Build configuration list for PBXNativeTarget "League Tools" */;
			buildPhases = (
				4CEA5F4B1E17505600777D10 /* Sources */,
				4CEA5F4C1E17505600777D10 /* Frameworks */,
				4CEA5F4D1E17505600777D10 /* Resources */,
			);
			buildRules = (
			);
			dependencies = (
			);
			name = "League Tools";
			productName = "League Tools";
			productReference = 4CEA5F4F1E17505600777D10 /* League Tools.app */;
			productType = "com.apple.product-type.application";
		};
/* End PBXNativeTarget section */

/* Begin PBXProject section */
		4CEA5F471E17505600777D10 /* Project object */ = {
			isa = PBXProject;
			attributes = {
				LastSwiftUpdateCheck = 0810;
				LastUpgradeCheck = 0820;
				ORGANIZATIONNAME = "Michael Sweeney";
				TargetAttributes = {
					4CEA5F4E1E17505600777D10 = {
						CreatedOnToolsVersion = 8.1;
						DevelopmentTeam = NXQBD8W8TS;
						ProvisioningStyle = Automatic;
					};
				};
			};
			buildConfigurationList = 4CEA5F4A1E17505600777D10 /* Build configuration list for PBXProject "League Tools" */;
			compatibilityVersion = "Xcode 3.2";
			developmentRegion = English;
			hasScannedForEncodings = 0;
			knownRegions = (
				en,
				Base,
			);
			mainGroup = 4CEA5F461E17505600777D10;
			productRefGroup = 4CEA5F501E17505600777D10 /* Products */;
			projectDirPath = "";
			projectRoot = "";
			targets = (
				4CEA5F4E1E17505600777D10 /* League Tools */,
			);
		};
/* End PBXProject section */

/* Begin PBXResourcesBuildPhase section */
		4CEA5F4D1E17505600777D10 /* Resources */ = {
			isa = PBXResourcesBuildPhase;
			buildActionMask = 2147483647;
			files = (
				4CEA5F621E17505600777D10 /* LaunchScreen.storyboard in Resources */,
				4CEA5F5F1E17505600777D10 /* Assets.xcassets in Resources */,
				4CEA5F5D1E17505600777D10 /* Main.storyboard in Resources */,
			);
			runOnlyForDeploymentPostprocessing = 0;
		};
/* End PBXResourcesBuildPhase section */

/* Begin PBXSourcesBuildPhase section */
		4CEA5F4B1E17505600777D10 /* Sources */ = {
			isa = PBXSourcesBuildPhase;
			buildActionMask = 2147483647;
			files = (
				4CEA5F561E17505600777D10 /* League_Tools.xcdatamodeld in Sources */,
				4CEA5F531E17505600777D10 /* AppDelegate.swift in Sources */,
				4C95D0C11E1A33D100AFDDBA /* PlayerTableViewCell.swift in Sources */,
				4CEA5F581E17505600777D10 /* MasterViewController.swift in Sources */,
				4C95D0C71E1F037C00AFDDBA /* MenuTableViewController.swift in Sources */,
				4C95D0C51E1C54CC00AFDDBA /* GlobalVars.swift in Sources */,
				4C95D0C31E1C502B00AFDDBA /* CheckBoxButton.swift in Sources */,
				4CEA5F5A1E17505600777D10 /* DetailViewController.swift in Sources */,
			);
			runOnlyForDeploymentPostprocessing = 0;
		};
/* End PBXSourcesBuildPhase section */

/* Begin PBXVariantGroup section */
		4CEA5F5B1E17505600777D10 /* Main.storyboard */ = {
			isa = PBXVariantGroup;
			children = (
				4CEA5F5C1E17505600777D10 /* Base */,
			);
			name = Main.storyboard;
			sourceTree = "<group>";
		};
		4CEA5F601E17505600777D10 /* LaunchScreen.storyboard */ = {
			isa = PBXVariantGroup;
			children = (
				4CEA5F611E17505600777D10 /* Base */,
			);
			name = LaunchScreen.storyboard;
			sourceTree = "<group>";
		};
/* End PBXVariantGroup section */

/* Begin XCBuildConfiguration section */
		4CEA5F641E17505600777D10 /* Debug */ = {
			isa = XCBuildConfiguration;
			buildSettings = {
				ALWAYS_SEARCH_USER_PATHS = NO;
				CLANG_ANALYZER_NONNULL = YES;
				CLANG_CXX_LANGUAGE_STANDARD = "gnu++0x";
				CLANG_CXX_LIBRARY = "libc++";
				CLANG_ENABLE_MODULES = YES;
				CLANG_ENABLE_OBJC_ARC = YES;
				CLANG_WARN_BOOL_CONVERSION = YES;
				CLANG_WARN_CONSTANT_CONVERSION = YES;
				CLANG_WARN_DIRECT_OBJC_ISA_USAGE = YES_ERROR;
				CLANG_WARN_DOCUMENTATION_COMMENTS = YES;
				CLANG_WARN_EMPTY_BODY = YES;
				CLANG_WARN_ENUM_CONVERSION = YES;
				CLANG_WARN_INFINITE_RECURSION = YES;
				CLANG_WARN_INT_CONVERSION = YES;
				CLANG_WARN_OBJC_ROOT_CLASS = YES_ERROR;
				CLANG_WARN_SUSPICIOUS_MOVE = YES;
				CLANG_WARN_SUSPICIOUS_MOVES = YES;
				CLANG_WARN_UNREACHABLE_CODE = YES;
				CLANG_WARN__DUPLICATE_METHOD_MATCH = YES;
				"CODE_SIGN_IDENTITY[sdk=iphoneos*]" = "iPhone Developer";
				COPY_PHASE_STRIP = NO;
				DEBUG_INFORMATION_FORMAT = dwarf;
				ENABLE_STRICT_OBJC_MSGSEND = YES;
				ENABLE_TESTABILITY = YES;
				GCC_C_LANGUAGE_STANDARD = gnu99;
				GCC_DYNAMIC_NO_PIC = NO;
				GCC_NO_COMMON_BLOCKS = YES;
				GCC_OPTIMIZATION_LEVEL = 0;
				GCC_PREPROCESSOR_DEFINITIONS = (
					"DEBUG=1",
					"$(inherited)",
				);
				GCC_WARN_64_TO_32_BIT_CONVERSION = YES;
				GCC_WARN_ABOUT_RETURN_TYPE = YES_ERROR;
				GCC_WARN_UNDECLARED_SELECTOR = YES;
				GCC_WARN_UNINITIALIZED_AUTOS = YES_AGGRESSIVE;
				GCC_WARN_UNUSED_FUNCTION = YES;
				GCC_WARN_UNUSED_VARIABLE = YES;
				IPHONEOS_DEPLOYMENT_TARGET = 10.1;
				MTL_ENABLE_DEBUG_INFO = YES;
				ONLY_ACTIVE_ARCH = YES;
				SDKROOT = iphoneos;
				SWIFT_ACTIVE_COMPILATION_CONDITIONS = DEBUG;
				SWIFT_OPTIMIZATION_LEVEL = "-Onone";
				TARGETED_DEVICE_FAMILY = "1,2";
			};
			name = Debug;
		};
		4CEA5F651E17505600777D10 /* Release */ = {
			isa = XCBuildConfiguration;
			buildSettings = {
				ALWAYS_SEARCH_USER_PATHS = NO;
				CLANG_ANALYZER_NONNULL = YES;
				CLANG_CXX_LANGUAGE_STANDARD = "gnu++0x";
				CLANG_CXX_LIBRARY = "libc++";
				CLANG_ENABLE_MODULES = YES;
				CLANG_ENABLE_OBJC_ARC = YES;
				CLANG_WARN_BOOL_CONVERSION = YES;
				CLANG_WARN_CONSTANT_CONVERSION = YES;
				CLANG_WARN_DIRECT_OBJC_ISA_USAGE = YES_ERROR;
				CLANG_WARN_DOCUMENTATION_COMMENTS = YES;
				CLANG_WARN_EMPTY_BODY = YES;
				CLANG_WARN_ENUM_CONVERSION = YES;
				CLANG_WARN_INFINITE_RECURSION = YES;
				CLANG_WARN_INT_CONVERSION = YES;
				CLANG_WARN_OBJC_ROOT_CLASS = YES_ERROR;
				CLANG_WARN_SUSPICIOUS_MOVE = YES;
				CLANG_WARN_SUSPICIOUS_MOVES = YES;
				CLANG_WARN_UNREACHABLE_CODE = YES;
				CLANG_WARN__DUPLICATE_METHOD_MATCH = YES;
				"CODE_SIGN_IDENTITY[sdk=iphoneos*]" = "iPhone Developer";
				COPY_PHASE_STRIP = NO;
				DEBUG_INFORMATION_FORMAT = "dwarf-with-dsym";
				ENABLE_NS_ASSERTIONS = NO;
				ENABLE_STRICT_OBJC_MSGSEND = YES;
				GCC_C_LANGUAGE_STANDARD = gnu99;
				GCC_NO_COMMON_BLOCKS = YES;
				GCC_WARN_64_TO_32_BIT_CONVERSION = YES;
				GCC_WARN_ABOUT_RETURN_TYPE = YES_ERROR;
				GCC_WARN_UNDECLARED_SELECTOR = YES;
				GCC_WARN_UNINITIALIZED_AUTOS = YES_AGGRESSIVE;
				GCC_WARN_UNUSED_FUNCTION = YES;
				GCC_WARN_UNUSED_VARIABLE = YES;
				IPHONEOS_DEPLOYMENT_TARGET = 10.1;
				MTL_ENABLE_DEBUG_INFO = NO;
				SDKROOT = iphoneos;
				SWIFT_OPTIMIZATION_LEVEL = "-Owholemodule";
				TARGETED_DEVICE_FAMILY = "1,2";
				VALIDATE_PRODUCT = YES;
			};
			name = Release;
		};
		4CEA5F671E17505600777D10 /* Debug */ = {
			isa = XCBuildConfiguration;
			buildSettings = {
				ASSETCATALOG_COMPILER_APPICON_NAME = AppIcon;
				DEVELOPMENT_TEAM = NXQBD8W8TS;
				INFOPLIST_FILE = "League Tools/Info.plist";
				LD_RUNPATH_SEARCH_PATHS = "$(inherited) @executable_path/Frameworks";
				PRODUCT_BUNDLE_IDENTIFIER = "sweeney.League-Tools";
				PRODUCT_NAME = "$(TARGET_NAME)";
				SWIFT_VERSION = 3.0;
			};
			name = Debug;
		};
		4CEA5F681E17505600777D10 /* Release */ = {
			isa = XCBuildConfiguration;
			buildSettings = {
				ASSETCATALOG_COMPILER_APPICON_NAME = AppIcon;
				DEVELOPMENT_TEAM = NXQBD8W8TS;
				INFOPLIST_FILE = "League Tools/Info.plist";
				LD_RUNPATH_SEARCH_PATHS = "$(inherited) @executable_path/Frameworks";
				PRODUCT_BUNDLE_IDENTIFIER = "sweeney.League-Tools";
				PRODUCT_NAME = "$(TARGET_NAME)";
				SWIFT_VERSION = 3.0;
			};
			name = Release;
		};
/* End XCBuildConfiguration section */

/* Begin XCConfigurationList section */
		4CEA5F4A1E17505600777D10 /* Build configuration list for PBXProject "League Tools" */ = {
			isa = XCConfigurationList;
			buildConfigurations = (
				4CEA5F641E17505600777D10 /* Debug */,
				4CEA5F651E17505600777D10 /* Release */,
			);
			defaultConfigurationIsVisible = 0;
			defaultConfigurationName = Release;
		};
		4CEA5F661E17505600777D10 /* Build configuration list for PBXNativeTarget "League Tools" */ = {
			isa = XCConfigurationList;
			buildConfigurations = (
				4CEA5F671E17505600777D10 /* Debug */,
				4CEA5F681E17505600777D10 /* Release */,
			);
			defaultConfigurationIsVisible = 0;
			defaultConfigurationName = Release;
		};
/* End XCConfigurationList section */

/* Begin XCVersionGroup section */
		4CEA5F541E17505600777D10 /* League_Tools.xcdatamodeld */ = {
			isa = XCVersionGroup;
			children = (
				4CEA5F551E17505600777D10 /* League_Tools.xcdatamodel */,
			);
			currentVersion = 4CEA5F551E17505600777D10 /* League_Tools.xcdatamodel */;
			path = League_Tools.xcdatamodeld;
			sourceTree = "<group>";
			versionGroupType = wrapper.xcdatamodel;
		};
/* End XCVersionGroup section */
	};
	rootObject = 4CEA5F471E17505600777D10 /* Project object */;
}
